
Microsoft Visual Studio Solution File, Format Version 12.00
# Visual Studio Version 17
VisualStudioVersion = 17.5.33516.290
MinimumVisualStudioVersion = 10.0.40219.1
Project("{9A19103F-16F7-4668-BE54-9A1E7A4F7556}") = "GptFactCheckerApi", "GptFactCheckerApi\GptFactCheckerApi.csproj", "{C56B3109-D574-4DAB-B75E-54232CFCBC2D}"
EndProject
Project("{E24C65DC-7377-472B-9ABA-BC803B73C61A}") = "gpt-fact-checker-front", "gpt-fact-checker-front\", "{D8C59B11-84B2-451B-B488-B00E546B06DC}"
	ProjectSection(WebsiteProperties) = preProject
		TargetFrameworkMoniker = ".NETFramework,Version%3Dv4.8"
		Debug.AspNetCompiler.VirtualPath = "/localhost_52467"
		Debug.AspNetCompiler.PhysicalPath = "gpt-fact-checker-front\"
		Debug.AspNetCompiler.TargetPath = "PrecompiledWeb\localhost_52467\"
		Debug.AspNetCompiler.Updateable = "true"
		Debug.AspNetCompiler.ForceOverwrite = "true"
		Debug.AspNetCompiler.FixedNames = "false"
		Debug.AspNetCompiler.Debug = "True"
		Release.AspNetCompiler.VirtualPath = "/localhost_52467"
		Release.AspNetCompiler.PhysicalPath = "gpt-fact-checker-front\"
		Release.AspNetCompiler.TargetPath = "PrecompiledWeb\localhost_52467\"
		Release.AspNetCompiler.Updateable = "true"
		Release.AspNetCompiler.ForceOverwrite = "true"
		Release.AspNetCompiler.FixedNames = "false"
		Release.AspNetCompiler.Debug = "False"
		VWDPort = "52467"
		SlnRelativePath = "gpt-fact-checker-front\"
	EndProjectSection
EndProject
Project("{9A19103F-16F7-4668-BE54-9A1E7A4F7556}") = "FactExtractionService", "DataExtractionService\FactExtractionService.csproj", "{CB3C298B-5D05-4427-871D-17C1C076F531}"
EndProject
Project("{9A19103F-16F7-4668-BE54-9A1E7A4F7556}") = "Shared", "Shared\Shared.csproj", "{EE64359A-971D-4D83-AB66-3629B579D17E}"
EndProject
Project("{9A19103F-16F7-4668-BE54-9A1E7A4F7556}") = "FactCheckingService", "FactChecker\FactCheckingService.csproj", "{2E628B8B-FD25-49BF-B775-D9AEB273D5D1}"
EndProject
Project("{9A19103F-16F7-4668-BE54-9A1E7A4F7556}") = "WebScraping", "WebScraping\WebScraping.csproj", "{BA6AB720-0BAA-4153-9238-D02FE09CE786}"
EndProject
Project("{9A19103F-16F7-4668-BE54-9A1E7A4F7556}") = "JsonClient", "JsonClient\JsonClient.csproj", "{3C8BD198-25CE-4535-8CA4-6DA374746D69}"
EndProject
Project("{9A19103F-16F7-4668-BE54-9A1E7A4F7556}") = "FactCheckingServiceTests", "FactCheckingTests\FactCheckingServiceTests.csproj", "{8215BF60-536A-4625-AAA7-E277182CEAC6}"
EndProject
Project("{9A19103F-16F7-4668-BE54-9A1E7A4F7556}") = "PromptTester", "PromptTester\PromptTester.csproj", "{51A931DE-C80E-42AD-916C-1EC6B3C3F4E6}"
EndProject
Project("{9A19103F-16F7-4668-BE54-9A1E7A4F7556}") = "SharedTests", "SharedTests\SharedTests.csproj", "{0FAACB5F-28B5-4962-A3FA-7EBD2E1D7C07}"
EndProject
Project("{9A19103F-16F7-4668-BE54-9A1E7A4F7556}") = "FactExtractionServiceTests", "FactExtractionServiceTests\FactExtractionServiceTests.csproj", "{97132348-BAE6-4AF6-AF62-E3C3F8B2E607}"
EndProject
Project("{9A19103F-16F7-4668-BE54-9A1E7A4F7556}") = "RepositoryJson", "RepositoryJson\RepositoryJson.csproj", "{40572AA9-B1C6-4F8A-923C-C973E7D5ECBC}"
EndProject
Project("{9A19103F-16F7-4668-BE54-9A1E7A4F7556}") = "GptFactCheckerApiController", "GptFactCheckerApiController\GptFactCheckerApiController.csproj", "{1E2231B0-5493-46C0-AAAC-DF28C33FE7CE}"
EndProject
Project("{9A19103F-16F7-4668-BE54-9A1E7A4F7556}") = "SourceCollectingService", "SourceCollectingService\SourceCollectingService.csproj", "{59CFBE58-6F43-4054-8879-34F41069ECC2}"
EndProject
Project("{9A19103F-16F7-4668-BE54-9A1E7A4F7556}") = "SourceCollectingService.Transcription", "TranscriptionService\SourceCollectingService.Transcription.csproj", "{5643D77C-4EE4-452A-B89B-50E602B38088}"
EndProject
Project("{9A19103F-16F7-4668-BE54-9A1E7A4F7556}") = "SourceCollectingService.Audio", "SourceCollectingService.Audio\SourceCollectingService.Audio.csproj", "{0EA1B602-4556-4206-B930-C9B7F0E2377A}"
EndProject
Project("{9A19103F-16F7-4668-BE54-9A1E7A4F7556}") = "SourceCollectingService.Audio.Tests", "SourceCollectingService.Audio.Tests\SourceCollectingService.Audio.Tests.csproj", "{9EF398B4-D761-43D9-9A56-7EDAD6C56289}"
EndProject
Project("{9A19103F-16F7-4668-BE54-9A1E7A4F7556}") = "SourceCollectingServiceTests", "SourceCollectingServiceTests\SourceCollectingServiceTests.csproj", "{49F936B7-C520-4506-9D0A-136A17BB5D68}"
EndProject
Project("{FAE04EC0-301F-11D3-BF4B-00C04F79EFBC}") = "GptHandler", "GptHandler\GptHandler.csproj", "{A1EE82D1-1E9D-4B88-A67C-CFA11C031890}"
EndProject
Project("{FAE04EC0-301F-11D3-BF4B-00C04F79EFBC}") = "GptHandlerTests", "GptHandlerTests\GptHandlerTests.csproj", "{6A41D968-D6CD-4378-A191-59A5924C8B59}"
EndProject
Project("{2150E333-8FDC-42A3-9474-1A3956D46DE8}") = "Solution Items", "Solution Items", "{E8C1A5B4-9F86-4E92-B79B-6F7C93FB7220}"
	ProjectSection(SolutionItems) = preProject
		..\overview.png = ..\overview.png
		..\README.md = ..\README.md
	EndProjectSection
EndProject
Global
	GlobalSection(SolutionConfigurationPlatforms) = preSolution
		Debug|Any CPU = Debug|Any CPU
		Release|Any CPU = Release|Any CPU
	EndGlobalSection
	GlobalSection(ProjectConfigurationPlatforms) = postSolution
		{C56B3109-D574-4DAB-B75E-54232CFCBC2D}.Debug|Any CPU.ActiveCfg = Debug|Any CPU
		{C56B3109-D574-4DAB-B75E-54232CFCBC2D}.Debug|Any CPU.Build.0 = Debug|Any CPU
		{C56B3109-D574-4DAB-B75E-54232CFCBC2D}.Release|Any CPU.ActiveCfg = Release|Any CPU
		{C56B3109-D574-4DAB-B75E-54232CFCBC2D}.Release|Any CPU.Build.0 = Release|Any CPU
		{D8C59B11-84B2-451B-B488-B00E546B06DC}.Debug|Any CPU.ActiveCfg = Debug|Any CPU
		{D8C59B11-84B2-451B-B488-B00E546B06DC}.Debug|Any CPU.Build.0 = Debug|Any CPU
		{D8C59B11-84B2-451B-B488-B00E546B06DC}.Release|Any CPU.ActiveCfg = Debug|Any CPU
		{D8C59B11-84B2-451B-B488-B00E546B06DC}.Release|Any CPU.Build.0 = Debug|Any CPU
		{CB3C298B-5D05-4427-871D-17C1C076F531}.Debug|Any CPU.ActiveCfg = Debug|Any CPU
		{CB3C298B-5D05-4427-871D-17C1C076F531}.Debug|Any CPU.Build.0 = Debug|Any CPU
		{CB3C298B-5D05-4427-871D-17C1C076F531}.Release|Any CPU.ActiveCfg = Release|Any CPU
		{CB3C298B-5D05-4427-871D-17C1C076F531}.Release|Any CPU.Build.0 = Release|Any CPU
		{EE64359A-971D-4D83-AB66-3629B579D17E}.Debug|Any CPU.ActiveCfg = Debug|Any CPU
		{EE64359A-971D-4D83-AB66-3629B579D17E}.Debug|Any CPU.Build.0 = Debug|Any CPU
		{EE64359A-971D-4D83-AB66-3629B579D17E}.Release|Any CPU.ActiveCfg = Release|Any CPU
		{EE64359A-971D-4D83-AB66-3629B579D17E}.Release|Any CPU.Build.0 = Release|Any CPU
		{2E628B8B-FD25-49BF-B775-D9AEB273D5D1}.Debug|Any CPU.ActiveCfg = Debug|Any CPU
		{2E628B8B-FD25-49BF-B775-D9AEB273D5D1}.Debug|Any CPU.Build.0 = Debug|Any CPU
		{2E628B8B-FD25-49BF-B775-D9AEB273D5D1}.Release|Any CPU.ActiveCfg = Release|Any CPU
		{2E628B8B-FD25-49BF-B775-D9AEB273D5D1}.Release|Any CPU.Build.0 = Release|Any CPU
		{BA6AB720-0BAA-4153-9238-D02FE09CE786}.Debug|Any CPU.ActiveCfg = Debug|Any CPU
		{BA6AB720-0BAA-4153-9238-D02FE09CE786}.Debug|Any CPU.Build.0 = Debug|Any CPU
		{BA6AB720-0BAA-4153-9238-D02FE09CE786}.Release|Any CPU.ActiveCfg = Release|Any CPU
		{BA6AB720-0BAA-4153-9238-D02FE09CE786}.Release|Any CPU.Build.0 = Release|Any CPU
		{3C8BD198-25CE-4535-8CA4-6DA374746D69}.Debug|Any CPU.ActiveCfg = Debug|Any CPU
		{3C8BD198-25CE-4535-8CA4-6DA374746D69}.Debug|Any CPU.Build.0 = Debug|Any CPU
		{3C8BD198-25CE-4535-8CA4-6DA374746D69}.Release|Any CPU.ActiveCfg = Release|Any CPU
		{3C8BD198-25CE-4535-8CA4-6DA374746D69}.Release|Any CPU.Build.0 = Release|Any CPU
		{8215BF60-536A-4625-AAA7-E277182CEAC6}.Debug|Any CPU.ActiveCfg = Debug|Any CPU
		{8215BF60-536A-4625-AAA7-E277182CEAC6}.Debug|Any CPU.Build.0 = Debug|Any CPU
		{8215BF60-536A-4625-AAA7-E277182CEAC6}.Release|Any CPU.ActiveCfg = Release|Any CPU
		{8215BF60-536A-4625-AAA7-E277182CEAC6}.Release|Any CPU.Build.0 = Release|Any CPU
		{51A931DE-C80E-42AD-916C-1EC6B3C3F4E6}.Debug|Any CPU.ActiveCfg = Debug|Any CPU
		{51A931DE-C80E-42AD-916C-1EC6B3C3F4E6}.Debug|Any CPU.Build.0 = Debug|Any CPU
		{51A931DE-C80E-42AD-916C-1EC6B3C3F4E6}.Release|Any CPU.ActiveCfg = Release|Any CPU
		{51A931DE-C80E-42AD-916C-1EC6B3C3F4E6}.Release|Any CPU.Build.0 = Release|Any CPU
		{0FAACB5F-28B5-4962-A3FA-7EBD2E1D7C07}.Debug|Any CPU.ActiveCfg = Debug|Any CPU
		{0FAACB5F-28B5-4962-A3FA-7EBD2E1D7C07}.Debug|Any CPU.Build.0 = Debug|Any CPU
		{0FAACB5F-28B5-4962-A3FA-7EBD2E1D7C07}.Release|Any CPU.ActiveCfg = Release|Any CPU
		{0FAACB5F-28B5-4962-A3FA-7EBD2E1D7C07}.Release|Any CPU.Build.0 = Release|Any CPU
		{97132348-BAE6-4AF6-AF62-E3C3F8B2E607}.Debug|Any CPU.ActiveCfg = Debug|Any CPU
		{97132348-BAE6-4AF6-AF62-E3C3F8B2E607}.Debug|Any CPU.Build.0 = Debug|Any CPU
		{97132348-BAE6-4AF6-AF62-E3C3F8B2E607}.Release|Any CPU.ActiveCfg = Release|Any CPU
		{97132348-BAE6-4AF6-AF62-E3C3F8B2E607}.Release|Any CPU.Build.0 = Release|Any CPU
		{40572AA9-B1C6-4F8A-923C-C973E7D5ECBC}.Debug|Any CPU.ActiveCfg = Debug|Any CPU
		{40572AA9-B1C6-4F8A-923C-C973E7D5ECBC}.Debug|Any CPU.Build.0 = Debug|Any CPU
		{40572AA9-B1C6-4F8A-923C-C973E7D5ECBC}.Release|Any CPU.ActiveCfg = Release|Any CPU
		{40572AA9-B1C6-4F8A-923C-C973E7D5ECBC}.Release|Any CPU.Build.0 = Release|Any CPU
		{1E2231B0-5493-46C0-AAAC-DF28C33FE7CE}.Debug|Any CPU.ActiveCfg = Debug|Any CPU
		{1E2231B0-5493-46C0-AAAC-DF28C33FE7CE}.Debug|Any CPU.Build.0 = Debug|Any CPU
		{1E2231B0-5493-46C0-AAAC-DF28C33FE7CE}.Release|Any CPU.ActiveCfg = Release|Any CPU
		{1E2231B0-5493-46C0-AAAC-DF28C33FE7CE}.Release|Any CPU.Build.0 = Release|Any CPU
		{59CFBE58-6F43-4054-8879-34F41069ECC2}.Debug|Any CPU.ActiveCfg = Debug|Any CPU
		{59CFBE58-6F43-4054-8879-34F41069ECC2}.Debug|Any CPU.Build.0 = Debug|Any CPU
		{59CFBE58-6F43-4054-8879-34F41069ECC2}.Release|Any CPU.ActiveCfg = Release|Any CPU
		{59CFBE58-6F43-4054-8879-34F41069ECC2}.Release|Any CPU.Build.0 = Release|Any CPU
		{5643D77C-4EE4-452A-B89B-50E602B38088}.Debug|Any CPU.ActiveCfg = Debug|Any CPU
		{5643D77C-4EE4-452A-B89B-50E602B38088}.Debug|Any CPU.Build.0 = Debug|Any CPU
		{5643D77C-4EE4-452A-B89B-50E602B38088}.Release|Any CPU.ActiveCfg = Release|Any CPU
		{5643D77C-4EE4-452A-B89B-50E602B38088}.Release|Any CPU.Build.0 = Release|Any CPU
		{0EA1B602-4556-4206-B930-C9B7F0E2377A}.Debug|Any CPU.ActiveCfg = Debug|Any CPU
		{0EA1B602-4556-4206-B930-C9B7F0E2377A}.Debug|Any CPU.Build.0 = Debug|Any CPU
		{0EA1B602-4556-4206-B930-C9B7F0E2377A}.Release|Any CPU.ActiveCfg = Release|Any CPU
		{0EA1B602-4556-4206-B930-C9B7F0E2377A}.Release|Any CPU.Build.0 = Release|Any CPU
		{9EF398B4-D761-43D9-9A56-7EDAD6C56289}.Debug|Any CPU.ActiveCfg = Debug|Any CPU
		{9EF398B4-D761-43D9-9A56-7EDAD6C56289}.Debug|Any CPU.Build.0 = Debug|Any CPU
		{9EF398B4-D761-43D9-9A56-7EDAD6C56289}.Release|Any CPU.ActiveCfg = Release|Any CPU
		{9EF398B4-D761-43D9-9A56-7EDAD6C56289}.Release|Any CPU.Build.0 = Release|Any CPU
		{49F936B7-C520-4506-9D0A-136A17BB5D68}.Debug|Any CPU.ActiveCfg = Debug|Any CPU
		{49F936B7-C520-4506-9D0A-136A17BB5D68}.Debug|Any CPU.Build.0 = Debug|Any CPU
		{49F936B7-C520-4506-9D0A-136A17BB5D68}.Release|Any CPU.ActiveCfg = Release|Any CPU
		{49F936B7-C520-4506-9D0A-136A17BB5D68}.Release|Any CPU.Build.0 = Release|Any CPU
		{A1EE82D1-1E9D-4B88-A67C-CFA11C031890}.Debug|Any CPU.ActiveCfg = Debug|Any CPU
		{A1EE82D1-1E9D-4B88-A67C-CFA11C031890}.Debug|Any CPU.Build.0 = Debug|Any CPU
		{A1EE82D1-1E9D-4B88-A67C-CFA11C031890}.Release|Any CPU.ActiveCfg = Release|Any CPU
		{A1EE82D1-1E9D-4B88-A67C-CFA11C031890}.Release|Any CPU.Build.0 = Release|Any CPU
		{6A41D968-D6CD-4378-A191-59A5924C8B59}.Debug|Any CPU.ActiveCfg = Debug|Any CPU
		{6A41D968-D6CD-4378-A191-59A5924C8B59}.Debug|Any CPU.Build.0 = Debug|Any CPU
		{6A41D968-D6CD-4378-A191-59A5924C8B59}.Release|Any CPU.ActiveCfg = Release|Any CPU
		{6A41D968-D6CD-4378-A191-59A5924C8B59}.Release|Any CPU.Build.0 = Release|Any CPU
	EndGlobalSection
	GlobalSection(SolutionProperties) = preSolution
		HideSolutionNode = FALSE
	EndGlobalSection
	GlobalSection(ExtensibilityGlobals) = postSolution
		SolutionGuid = {14EF843D-74F1-4B8D-AC9F-98B35EEFF8E6}
	EndGlobalSection
EndGlobal
