
Microsoft Visual Studio Solution File, Format Version 12.00
# Visual Studio Version 17
VisualStudioVersion = 17.5.33516.290
MinimumVisualStudioVersion = 10.0.40219.1
Project("{9A19103F-16F7-4668-BE54-9A1E7A4F7556}") = "GptFactCheckerApi", "GptFactCheckerApi\GptFactCheckerApi.csproj", "{C56B3109-D574-4DAB-B75E-54232CFCBC2D}"
EndProject
Project("{E24C65DC-7377-472B-9ABA-BC803B73C61A}") = "gpt-fact-checker-front", "gpt-fact-checker-front\", "{D8C59B11-84B2-451B-B488-B00E546B06DC}"
	ProjectSection(WebsiteProperties) = preProject
		TargetFrameworkMoniker = ".NETFramework,Version%3Dv4.8"
		Debug.AspNetCompiler.VirtualPath = "/localhost_52467"
		Debug.AspNetCompiler.PhysicalPath = "gpt-fact-checker-front\"
		Debug.AspNetCompiler.TargetPath = "PrecompiledWeb\localhost_52467\"
		Debug.AspNetCompiler.Updateable = "true"
		Debug.AspNetCompiler.ForceOverwrite = "true"
		Debug.AspNetCompiler.FixedNames = "false"
		Debug.AspNetCompiler.Debug = "True"
		Release.AspNetCompiler.VirtualPath = "/localhost_52467"
		Release.AspNetCompiler.PhysicalPath = "gpt-fact-checker-front\"
		Release.AspNetCompiler.TargetPath = "PrecompiledWeb\localhost_52467\"
		Release.AspNetCompiler.Updateable = "true"
		Release.AspNetCompiler.ForceOverwrite = "true"
		Release.AspNetCompiler.FixedNames = "false"
		Release.AspNetCompiler.Debug = "False"
		VWDPort = "52467"
		SlnRelativePath = "gpt-fact-checker-front\"
	EndProjectSection
EndProject
Project("{9A19103F-16F7-4668-BE54-9A1E7A4F7556}") = "GptFactCheckerApiTests", "GptFactCheckerApiTests\GptFactCheckerApiTests.csproj", "{692DB627-1745-45F8-B807-281836535448}"
EndProject
Project("{9A19103F-16F7-4668-BE54-9A1E7A4F7556}") = "FactExtractionService", "DataExtractionService\FactExtractionService.csproj", "{CB3C298B-5D05-4427-871D-17C1C076F531}"
EndProject
Project("{9A19103F-16F7-4668-BE54-9A1E7A4F7556}") = "Shared", "Shared\Shared.csproj", "{EE64359A-971D-4D83-AB66-3629B579D17E}"
EndProject
Project("{9A19103F-16F7-4668-BE54-9A1E7A4F7556}") = "FactCheckingService", "FactChecker\FactCheckingService.csproj", "{2E628B8B-FD25-49BF-B775-D9AEB273D5D1}"
EndProject
Project("{9A19103F-16F7-4668-BE54-9A1E7A4F7556}") = "WebScraping", "WebScraping\WebScraping.csproj", "{BA6AB720-0BAA-4153-9238-D02FE09CE786}"
EndProject
Project("{9A19103F-16F7-4668-BE54-9A1E7A4F7556}") = "JsonClient", "JsonClient\JsonClient.csproj", "{3C8BD198-25CE-4535-8CA4-6DA374746D69}"
EndProject
Project("{9A19103F-16F7-4668-BE54-9A1E7A4F7556}") = "FactCheckingServiceTests", "FactCheckingTests\FactCheckingServiceTests.csproj", "{8215BF60-536A-4625-AAA7-E277182CEAC6}"
EndProject
Project("{9A19103F-16F7-4668-BE54-9A1E7A4F7556}") = "PromptTester", "PromptTester\PromptTester.csproj", "{51A931DE-C80E-42AD-916C-1EC6B3C3F4E6}"
EndProject
Project("{9A19103F-16F7-4668-BE54-9A1E7A4F7556}") = "SharedTests", "SharedTests\SharedTests.csproj", "{0FAACB5F-28B5-4962-A3FA-7EBD2E1D7C07}"
EndProject
Project("{9A19103F-16F7-4668-BE54-9A1E7A4F7556}") = "FactExtractionServiceTests", "FactExtractionServiceTests\FactExtractionServiceTests.csproj", "{97132348-BAE6-4AF6-AF62-E3C3F8B2E607}"
EndProject
Project("{FAE04EC0-301F-11D3-BF4B-00C04F79EFBC}") = "RepositoryJson", "RepositoryJson\RepositoryJson.csproj", "{40572AA9-B1C6-4F8A-923C-C973E7D5ECBC}"
EndProject
Global
	GlobalSection(SolutionConfigurationPlatforms) = preSolution
		Debug|Any CPU = Debug|Any CPU
		Release|Any CPU = Release|Any CPU
	EndGlobalSection
	GlobalSection(ProjectConfigurationPlatforms) = postSolution
		{C56B3109-D574-4DAB-B75E-54232CFCBC2D}.Debug|Any CPU.ActiveCfg = Debug|Any CPU
		{C56B3109-D574-4DAB-B75E-54232CFCBC2D}.Debug|Any CPU.Build.0 = Debug|Any CPU
		{C56B3109-D574-4DAB-B75E-54232CFCBC2D}.Release|Any CPU.ActiveCfg = Release|Any CPU
		{C56B3109-D574-4DAB-B75E-54232CFCBC2D}.Release|Any CPU.Build.0 = Release|Any CPU
		{D8C59B11-84B2-451B-B488-B00E546B06DC}.Debug|Any CPU.ActiveCfg = Debug|Any CPU
		{D8C59B11-84B2-451B-B488-B00E546B06DC}.Debug|Any CPU.Build.0 = Debug|Any CPU
		{D8C59B11-84B2-451B-B488-B00E546B06DC}.Release|Any CPU.ActiveCfg = Debug|Any CPU
		{D8C59B11-84B2-451B-B488-B00E546B06DC}.Release|Any CPU.Build.0 = Debug|Any CPU
		{692DB627-1745-45F8-B807-281836535448}.Debug|Any CPU.ActiveCfg = Debug|Any CPU
		{692DB627-1745-45F8-B807-281836535448}.Debug|Any CPU.Build.0 = Debug|Any CPU
		{692DB627-1745-45F8-B807-281836535448}.Release|Any CPU.ActiveCfg = Release|Any CPU
		{692DB627-1745-45F8-B807-281836535448}.Release|Any CPU.Build.0 = Release|Any CPU
		{CB3C298B-5D05-4427-871D-17C1C076F531}.Debug|Any CPU.ActiveCfg = Debug|Any CPU
		{CB3C298B-5D05-4427-871D-17C1C076F531}.Debug|Any CPU.Build.0 = Debug|Any CPU
		{CB3C298B-5D05-4427-871D-17C1C076F531}.Release|Any CPU.ActiveCfg = Release|Any CPU
		{CB3C298B-5D05-4427-871D-17C1C076F531}.Release|Any CPU.Build.0 = Release|Any CPU
		{EE64359A-971D-4D83-AB66-3629B579D17E}.Debug|Any CPU.ActiveCfg = Debug|Any CPU
		{EE64359A-971D-4D83-AB66-3629B579D17E}.Debug|Any CPU.Build.0 = Debug|Any CPU
		{EE64359A-971D-4D83-AB66-3629B579D17E}.Release|Any CPU.ActiveCfg = Release|Any CPU
		{EE64359A-971D-4D83-AB66-3629B579D17E}.Release|Any CPU.Build.0 = Release|Any CPU
		{2E628B8B-FD25-49BF-B775-D9AEB273D5D1}.Debug|Any CPU.ActiveCfg = Debug|Any CPU
		{2E628B8B-FD25-49BF-B775-D9AEB273D5D1}.Debug|Any CPU.Build.0 = Debug|Any CPU
		{2E628B8B-FD25-49BF-B775-D9AEB273D5D1}.Release|Any CPU.ActiveCfg = Release|Any CPU
		{2E628B8B-FD25-49BF-B775-D9AEB273D5D1}.Release|Any CPU.Build.0 = Release|Any CPU
		{BA6AB720-0BAA-4153-9238-D02FE09CE786}.Debug|Any CPU.ActiveCfg = Debug|Any CPU
		{BA6AB720-0BAA-4153-9238-D02FE09CE786}.Debug|Any CPU.Build.0 = Debug|Any CPU
		{BA6AB720-0BAA-4153-9238-D02FE09CE786}.Release|Any CPU.ActiveCfg = Release|Any CPU
		{BA6AB720-0BAA-4153-9238-D02FE09CE786}.Release|Any CPU.Build.0 = Release|Any CPU
		{3C8BD198-25CE-4535-8CA4-6DA374746D69}.Debug|Any CPU.ActiveCfg = Debug|Any CPU
		{3C8BD198-25CE-4535-8CA4-6DA374746D69}.Debug|Any CPU.Build.0 = Debug|Any CPU
		{3C8BD198-25CE-4535-8CA4-6DA374746D69}.Release|Any CPU.ActiveCfg = Release|Any CPU
		{3C8BD198-25CE-4535-8CA4-6DA374746D69}.Release|Any CPU.Build.0 = Release|Any CPU
		{8215BF60-536A-4625-AAA7-E277182CEAC6}.Debug|Any CPU.ActiveCfg = Debug|Any CPU
		{8215BF60-536A-4625-AAA7-E277182CEAC6}.Debug|Any CPU.Build.0 = Debug|Any CPU
		{8215BF60-536A-4625-AAA7-E277182CEAC6}.Release|Any CPU.ActiveCfg = Release|Any CPU
		{8215BF60-536A-4625-AAA7-E277182CEAC6}.Release|Any CPU.Build.0 = Release|Any CPU
		{51A931DE-C80E-42AD-916C-1EC6B3C3F4E6}.Debug|Any CPU.ActiveCfg = Debug|Any CPU
		{51A931DE-C80E-42AD-916C-1EC6B3C3F4E6}.Debug|Any CPU.Build.0 = Debug|Any CPU
		{51A931DE-C80E-42AD-916C-1EC6B3C3F4E6}.Release|Any CPU.ActiveCfg = Release|Any CPU
		{51A931DE-C80E-42AD-916C-1EC6B3C3F4E6}.Release|Any CPU.Build.0 = Release|Any CPU
		{0FAACB5F-28B5-4962-A3FA-7EBD2E1D7C07}.Debug|Any CPU.ActiveCfg = Debug|Any CPU
		{0FAACB5F-28B5-4962-A3FA-7EBD2E1D7C07}.Debug|Any CPU.Build.0 = Debug|Any CPU
		{0FAACB5F-28B5-4962-A3FA-7EBD2E1D7C07}.Release|Any CPU.ActiveCfg = Release|Any CPU
		{0FAACB5F-28B5-4962-A3FA-7EBD2E1D7C07}.Release|Any CPU.Build.0 = Release|Any CPU
		{97132348-BAE6-4AF6-AF62-E3C3F8B2E607}.Debug|Any CPU.ActiveCfg = Debug|Any CPU
		{97132348-BAE6-4AF6-AF62-E3C3F8B2E607}.Debug|Any CPU.Build.0 = Debug|Any CPU
		{97132348-BAE6-4AF6-AF62-E3C3F8B2E607}.Release|Any CPU.ActiveCfg = Release|Any CPU
		{97132348-BAE6-4AF6-AF62-E3C3F8B2E607}.Release|Any CPU.Build.0 = Release|Any CPU
		{40572AA9-B1C6-4F8A-923C-C973E7D5ECBC}.Debug|Any CPU.ActiveCfg = Debug|Any CPU
		{40572AA9-B1C6-4F8A-923C-C973E7D5ECBC}.Debug|Any CPU.Build.0 = Debug|Any CPU
		{40572AA9-B1C6-4F8A-923C-C973E7D5ECBC}.Release|Any CPU.ActiveCfg = Release|Any CPU
		{40572AA9-B1C6-4F8A-923C-C973E7D5ECBC}.Release|Any CPU.Build.0 = Release|Any CPU
	EndGlobalSection
	GlobalSection(SolutionProperties) = preSolution
		HideSolutionNode = FALSE
	EndGlobalSection
	GlobalSection(ExtensibilityGlobals) = postSolution
		SolutionGuid = {14EF843D-74F1-4B8D-AC9F-98B35EEFF8E6}
	EndGlobalSection
EndGlobal
